
Microsoft Visual Studio Solution File, Format Version 12.00
# Visual Studio 15
VisualStudioVersion = 15.0.27703.2042
MinimumVisualStudioVersion = 10.0.40219.1
Project("{FAE04EC0-301F-11D3-BF4B-00C04F79EFBC}") = "GitCursus", "GitCursus\GitCursus.csproj", "{B0654A34-4050-4214-B768-3F6220CD3DF5}"
EndProject
Global
	GlobalSection(SolutionConfigurationPlatforms) = preSolution
		Debug|Any CPU = Debug|Any CPU
		Release|Any CPU = Release|Any CPU
	EndGlobalSection
	GlobalSection(ProjectConfigurationPlatforms) = postSolution
		{B0654A34-4050-4214-B768-3F6220CD3DF5}.Debug|Any CPU.ActiveCfg = Debug|Any CPU
		{B0654A34-4050-4214-B768-3F6220CD3DF5}.Debug|Any CPU.Build.0 = Debug|Any CPU
		{B0654A34-4050-4214-B768-3F6220CD3DF5}.Release|Any CPU.ActiveCfg = Release|Any CPU
		{B0654A34-4050-4214-B768-3F6220CD3DF5}.Release|Any CPU.Build.0 = Release|Any CPU
	EndGlobalSection
	GlobalSection(SolutionProperties) = preSolution
		HideSolutionNode = FALSE
	EndGlobalSection
	GlobalSection(ExtensibilityGlobals) = postSolution
		SolutionGuid = {2EBD8FBB-3295-44C9-A54C-D0A6AFB335D5}
	EndGlobalSection
EndGlobal
